// !$*UTF8*$!
{
	archiveVersion = 1;
	classes = {
	};
	objectVersion = 51;
	objects = {

/* Begin PBXBuildFile section */
		1836ACBB2431BE3F00EA8F30 /* AppDelegate.m in Sources */ = {isa = PBXBuildFile; fileRef = 1836ACBA2431BE3F00EA8F30 /* AppDelegate.m */; };
		1836ACC62431BE4200EA8F30 /* Assets.xcassets in Resources */ = {isa = PBXBuildFile; fileRef = 1836ACC52431BE4200EA8F30 /* Assets.xcassets */; };
		1836ACC92431BE4200EA8F30 /* LaunchScreen.storyboard in Resources */ = {isa = PBXBuildFile; fileRef = 1836ACC72431BE4200EA8F30 /* LaunchScreen.storyboard */; };
		1836ACCC2431BE4200EA8F30 /* main.m in Sources */ = {isa = PBXBuildFile; fileRef = 1836ACCB2431BE4200EA8F30 /* main.m */; };
		1836ACD52431D18100EA8F30 /* YYNetHTTPTool.m in Sources */ = {isa = PBXBuildFile; fileRef = 1836ACD42431D18100EA8F30 /* YYNetHTTPTool.m */; };
		1836ACDB2431D48600EA8F30 /* PPNetworkTools.m in Sources */ = {isa = PBXBuildFile; fileRef = 1836ACD72431D48600EA8F30 /* PPNetworkTools.m */; };
		1836ACDC2431D48600EA8F30 /* PPNetworkCache.m in Sources */ = {isa = PBXBuildFile; fileRef = 1836ACDA2431D48600EA8F30 /* PPNetworkCache.m */; };
		1836ACFA2431E0E900EA8F30 /* RootNavigationController.m in Sources */ = {isa = PBXBuildFile; fileRef = 1836ACE32431E0E900EA8F30 /* RootNavigationController.m */; };
		1836AD042431E0E900EA8F30 /* YYMainTabBarController.m in Sources */ = {isa = PBXBuildFile; fileRef = 1836ACF72431E0E900EA8F30 /* YYMainTabBarController.m */; };
		1836AF562431E16A00EA8F30 /* LiveModel.m in Sources */ = {isa = PBXBuildFile; fileRef = 1836AE2D2431E16A00EA8F30 /* LiveModel.m */; };
		1836AFC32431E28300EA8F30 /* DefineConstant.m in Sources */ = {isa = PBXBuildFile; fileRef = 1836AFB02431E28300EA8F30 /* DefineConstant.m */; };
		1836AFC42431E28300EA8F30 /* LPRefreshGifHeader.m in Sources */ = {isa = PBXBuildFile; fileRef = 1836AFB32431E28300EA8F30 /* LPRefreshGifHeader.m */; };
		1836AFC52431E28300EA8F30 /* LPRefreshFooter.m in Sources */ = {isa = PBXBuildFile; fileRef = 1836AFB52431E28300EA8F30 /* LPRefreshFooter.m */; };
		1836AFC62431E28300EA8F30 /* YYSaveTool.m in Sources */ = {isa = PBXBuildFile; fileRef = 1836AFB82431E28300EA8F30 /* YYSaveTool.m */; };
		1836AFC82431E28300EA8F30 /* XMGFileTool.m in Sources */ = {isa = PBXBuildFile; fileRef = 1836AFBE2431E28300EA8F30 /* XMGFileTool.m */; };
		1836AFCB2431E53900EA8F30 /* YYBaseViewController.m in Sources */ = {isa = PBXBuildFile; fileRef = 1836AFCA2431E53900EA8F30 /* YYBaseViewController.m */; };
		1836AFCE2431E55400EA8F30 /* YYWebViewController.m in Sources */ = {isa = PBXBuildFile; fileRef = 1836AFCD2431E55400EA8F30 /* YYWebViewController.m */; };
		1836AFD42431E61B00EA8F30 /* YYPersonViewController.m in Sources */ = {isa = PBXBuildFile; fileRef = 1836AFD32431E61B00EA8F30 /* YYPersonViewController.m */; };
		18633B842432D79100CE3E60 /* UIImage+imgaeWithColor.m in Sources */ = {isa = PBXBuildFile; fileRef = 18633B612432D79000CE3E60 /* UIImage+imgaeWithColor.m */; };
		18633B862432D79100CE3E60 /* UIButton+EX.m in Sources */ = {isa = PBXBuildFile; fileRef = 18633B682432D79000CE3E60 /* UIButton+EX.m */; };
		18633B872432D79100CE3E60 /* UIButton+XYButton.m in Sources */ = {isa = PBXBuildFile; fileRef = 18633B692432D79000CE3E60 /* UIButton+XYButton.m */; };
		18633B882432D79100CE3E60 /* UILabel+Coupon.m in Sources */ = {isa = PBXBuildFile; fileRef = 18633B6B2432D79000CE3E60 /* UILabel+Coupon.m */; };
		18633B892432D79100CE3E60 /* CoponLabel.m in Sources */ = {isa = PBXBuildFile; fileRef = 18633B6E2432D79000CE3E60 /* CoponLabel.m */; };
		18633B8A2432D79100CE3E60 /* UIColor+Hex.m in Sources */ = {isa = PBXBuildFile; fileRef = 18633B702432D79000CE3E60 /* UIColor+Hex.m */; };
		18633B8B2432D79100CE3E60 /* UIView+AnimationExtend.m in Sources */ = {isa = PBXBuildFile; fileRef = 18633B742432D79000CE3E60 /* UIView+AnimationExtend.m */; };
		18633B8C2432D79100CE3E60 /* UITextView+ZWPlaceHolder.m in Sources */ = {isa = PBXBuildFile; fileRef = 18633B762432D79000CE3E60 /* UITextView+ZWPlaceHolder.m */; };
		18633B8D2432D79100CE3E60 /* UIBarButtonItem+Item.m in Sources */ = {isa = PBXBuildFile; fileRef = 18633B7A2432D79000CE3E60 /* UIBarButtonItem+Item.m */; };
		18633B8E2432D79100CE3E60 /* NSString+TwoPoint.m in Sources */ = {isa = PBXBuildFile; fileRef = 18633B7D2432D79000CE3E60 /* NSString+TwoPoint.m */; };
		18633B8F2432D79100CE3E60 /* UIViewController+AlertViewAndActionSheet.m in Sources */ = {isa = PBXBuildFile; fileRef = 18633B802432D79000CE3E60 /* UIViewController+AlertViewAndActionSheet.m */; };
		18633B902432D79100CE3E60 /* UITextField+Placeholder.m in Sources */ = {isa = PBXBuildFile; fileRef = 18633B822432D79000CE3E60 /* UITextField+Placeholder.m */; };
		18633B9D24331B7A00CE3E60 /* YYBaseCollectionViewController.m in Sources */ = {isa = PBXBuildFile; fileRef = 18633B9C24331B7A00CE3E60 /* YYBaseCollectionViewController.m */; };
		18999018243436D700B5D1D6 /* HomeMainViewModel.m in Sources */ = {isa = PBXBuildFile; fileRef = 18999017243436D700B5D1D6 /* HomeMainViewModel.m */; };
		1899901B24343FBB00B5D1D6 /* YYHomeCollectionViewController.m in Sources */ = {isa = PBXBuildFile; fileRef = 1899901A24343FBB00B5D1D6 /* YYHomeCollectionViewController.m */; };
		1899902524344A4F00B5D1D6 /* data.json in Resources */ = {isa = PBXBuildFile; fileRef = 1899902424344A4F00B5D1D6 /* data.json */; };
		1899902724344A8E00B5D1D6 /* HomeTitle.plist in Resources */ = {isa = PBXBuildFile; fileRef = 1899902624344A8E00B5D1D6 /* HomeTitle.plist */; };
		1899902A243460F700B5D1D6 /* HomeGoodsCategoriesModel.m in Sources */ = {isa = PBXBuildFile; fileRef = 18999029243460F700B5D1D6 /* HomeGoodsCategoriesModel.m */; };
		189990302434800000B5D1D6 /* HomeMainCollectionViewController.m in Sources */ = {isa = PBXBuildFile; fileRef = 1899902F24347FFF00B5D1D6 /* HomeMainCollectionViewController.m */; };
		189990332434838F00B5D1D6 /* HomeLikeCollectionViewController.m in Sources */ = {isa = PBXBuildFile; fileRef = 189990322434838F00B5D1D6 /* HomeLikeCollectionViewController.m */; };
		1899903624348DC600B5D1D6 /* HomeMainCollectionViewCell.m in Sources */ = {isa = PBXBuildFile; fileRef = 1899903524348DC600B5D1D6 /* HomeMainCollectionViewCell.m */; };
		18999039243494AC00B5D1D6 /* HomeMainModel.m in Sources */ = {isa = PBXBuildFile; fileRef = 18999038243494AC00B5D1D6 /* HomeMainModel.m */; };
		18A216042433426900DC0FF8 /* YYLiveCollectionViewController.m in Sources */ = {isa = PBXBuildFile; fileRef = 18A216032433426900DC0FF8 /* YYLiveCollectionViewController.m */; };
		18A216072433459400DC0FF8 /* YYMemCollectionViewController.m in Sources */ = {isa = PBXBuildFile; fileRef = 18A216062433459400DC0FF8 /* YYMemCollectionViewController.m */; };
		6B6E85979B985D0442E45834 /* libPods-BYNAPP.a in Frameworks */ = {isa = PBXBuildFile; fileRef = 08274BEB44E2894270F3A15C /* libPods-BYNAPP.a */; };
/* End PBXBuildFile section */

/* Begin PBXFileReference section */
		08274BEB44E2894270F3A15C /* libPods-BYNAPP.a */ = {isa = PBXFileReference; explicitFileType = archive.ar; includeInIndex = 0; path = "libPods-BYNAPP.a"; sourceTree = BUILT_PRODUCTS_DIR; };
		1836ACB62431BE3F00EA8F30 /* BYNAPP.app */ = {isa = PBXFileReference; explicitFileType = wrapper.application; includeInIndex = 0; path = BYNAPP.app; sourceTree = BUILT_PRODUCTS_DIR; };
		1836ACB92431BE3F00EA8F30 /* AppDelegate.h */ = {isa = PBXFileReference; lastKnownFileType = sourcecode.c.h; path = AppDelegate.h; sourceTree = "<group>"; };
		1836ACBA2431BE3F00EA8F30 /* AppDelegate.m */ = {isa = PBXFileReference; lastKnownFileType = sourcecode.c.objc; path = AppDelegate.m; sourceTree = "<group>"; };
		1836ACC52431BE4200EA8F30 /* Assets.xcassets */ = {isa = PBXFileReference; lastKnownFileType = folder.assetcatalog; path = Assets.xcassets; sourceTree = "<group>"; };
		1836ACC82431BE4200EA8F30 /* Base */ = {isa = PBXFileReference; lastKnownFileType = file.storyboard; name = Base; path = Base.lproj/LaunchScreen.storyboard; sourceTree = "<group>"; };
		1836ACCA2431BE4200EA8F30 /* Info.plist */ = {isa = PBXFileReference; lastKnownFileType = text.plist.xml; path = Info.plist; sourceTree = "<group>"; };
		1836ACCB2431BE4200EA8F30 /* main.m */ = {isa = PBXFileReference; lastKnownFileType = sourcecode.c.objc; path = main.m; sourceTree = "<group>"; };
		1836ACD32431D18100EA8F30 /* YYNetHTTPTool.h */ = {isa = PBXFileReference; fileEncoding = 4; lastKnownFileType = sourcecode.c.h; path = YYNetHTTPTool.h; sourceTree = "<group>"; };
		1836ACD42431D18100EA8F30 /* YYNetHTTPTool.m */ = {isa = PBXFileReference; fileEncoding = 4; lastKnownFileType = sourcecode.c.objc; path = YYNetHTTPTool.m; sourceTree = "<group>"; };
		1836ACD72431D48600EA8F30 /* PPNetworkTools.m */ = {isa = PBXFileReference; fileEncoding = 4; lastKnownFileType = sourcecode.c.objc; path = PPNetworkTools.m; sourceTree = "<group>"; };
		1836ACD82431D48600EA8F30 /* PPNetworkCache.h */ = {isa = PBXFileReference; fileEncoding = 4; lastKnownFileType = sourcecode.c.h; path = PPNetworkCache.h; sourceTree = "<group>"; };
		1836ACD92431D48600EA8F30 /* PPNetworkTools.h */ = {isa = PBXFileReference; fileEncoding = 4; lastKnownFileType = sourcecode.c.h; path = PPNetworkTools.h; sourceTree = "<group>"; };
		1836ACDA2431D48600EA8F30 /* PPNetworkCache.m */ = {isa = PBXFileReference; fileEncoding = 4; lastKnownFileType = sourcecode.c.objc; path = PPNetworkCache.m; sourceTree = "<group>"; };
		1836ACE32431E0E900EA8F30 /* RootNavigationController.m */ = {isa = PBXFileReference; fileEncoding = 4; lastKnownFileType = sourcecode.c.objc; path = RootNavigationController.m; sourceTree = "<group>"; };
		1836ACE42431E0E900EA8F30 /* RootNavigationController.h */ = {isa = PBXFileReference; fileEncoding = 4; lastKnownFileType = sourcecode.c.h; path = RootNavigationController.h; sourceTree = "<group>"; };
		1836ACF72431E0E900EA8F30 /* YYMainTabBarController.m */ = {isa = PBXFileReference; fileEncoding = 4; lastKnownFileType = sourcecode.c.objc; path = YYMainTabBarController.m; sourceTree = "<group>"; };
		1836ACF82431E0E900EA8F30 /* YYMainTabBarController.h */ = {isa = PBXFileReference; fileEncoding = 4; lastKnownFileType = sourcecode.c.h; path = YYMainTabBarController.h; sourceTree = "<group>"; };
		1836AE2C2431E16A00EA8F30 /* LiveModel.h */ = {isa = PBXFileReference; fileEncoding = 4; lastKnownFileType = sourcecode.c.h; path = LiveModel.h; sourceTree = "<group>"; };
		1836AE2D2431E16A00EA8F30 /* LiveModel.m */ = {isa = PBXFileReference; fileEncoding = 4; lastKnownFileType = sourcecode.c.objc; path = LiveModel.m; sourceTree = "<group>"; };
		1836AFAF2431E28300EA8F30 /* DefineConstant.h */ = {isa = PBXFileReference; fileEncoding = 4; lastKnownFileType = sourcecode.c.h; path = DefineConstant.h; sourceTree = "<group>"; };
		1836AFB02431E28300EA8F30 /* DefineConstant.m */ = {isa = PBXFileReference; fileEncoding = 4; lastKnownFileType = sourcecode.c.objc; path = DefineConstant.m; sourceTree = "<group>"; };
		1836AFB22431E28300EA8F30 /* LPRefreshFooter.h */ = {isa = PBXFileReference; fileEncoding = 4; lastKnownFileType = sourcecode.c.h; path = LPRefreshFooter.h; sourceTree = "<group>"; };
		1836AFB32431E28300EA8F30 /* LPRefreshGifHeader.m */ = {isa = PBXFileReference; fileEncoding = 4; lastKnownFileType = sourcecode.c.objc; path = LPRefreshGifHeader.m; sourceTree = "<group>"; };
		1836AFB42431E28300EA8F30 /* LPRefreshGifHeader.h */ = {isa = PBXFileReference; fileEncoding = 4; lastKnownFileType = sourcecode.c.h; path = LPRefreshGifHeader.h; sourceTree = "<group>"; };
		1836AFB52431E28300EA8F30 /* LPRefreshFooter.m */ = {isa = PBXFileReference; fileEncoding = 4; lastKnownFileType = sourcecode.c.objc; path = LPRefreshFooter.m; sourceTree = "<group>"; };
		1836AFB72431E28300EA8F30 /* YYSaveTool.h */ = {isa = PBXFileReference; fileEncoding = 4; lastKnownFileType = sourcecode.c.h; path = YYSaveTool.h; sourceTree = "<group>"; };
		1836AFB82431E28300EA8F30 /* YYSaveTool.m */ = {isa = PBXFileReference; fileEncoding = 4; lastKnownFileType = sourcecode.c.objc; path = YYSaveTool.m; sourceTree = "<group>"; };
		1836AFBD2431E28300EA8F30 /* XMGFileTool.h */ = {isa = PBXFileReference; fileEncoding = 4; lastKnownFileType = sourcecode.c.h; path = XMGFileTool.h; sourceTree = "<group>"; };
		1836AFBE2431E28300EA8F30 /* XMGFileTool.m */ = {isa = PBXFileReference; fileEncoding = 4; lastKnownFileType = sourcecode.c.objc; path = XMGFileTool.m; sourceTree = "<group>"; };
		1836AFC92431E53900EA8F30 /* YYBaseViewController.h */ = {isa = PBXFileReference; lastKnownFileType = sourcecode.c.h; path = YYBaseViewController.h; sourceTree = "<group>"; };
		1836AFCA2431E53900EA8F30 /* YYBaseViewController.m */ = {isa = PBXFileReference; lastKnownFileType = sourcecode.c.objc; path = YYBaseViewController.m; sourceTree = "<group>"; };
		1836AFCC2431E55400EA8F30 /* YYWebViewController.h */ = {isa = PBXFileReference; lastKnownFileType = sourcecode.c.h; path = YYWebViewController.h; sourceTree = "<group>"; };
		1836AFCD2431E55400EA8F30 /* YYWebViewController.m */ = {isa = PBXFileReference; lastKnownFileType = sourcecode.c.objc; path = YYWebViewController.m; sourceTree = "<group>"; };
		1836AFD22431E61B00EA8F30 /* YYPersonViewController.h */ = {isa = PBXFileReference; lastKnownFileType = sourcecode.c.h; path = YYPersonViewController.h; sourceTree = "<group>"; };
		1836AFD32431E61B00EA8F30 /* YYPersonViewController.m */ = {isa = PBXFileReference; lastKnownFileType = sourcecode.c.objc; path = YYPersonViewController.m; sourceTree = "<group>"; };
		1836AFD52431E67300EA8F30 /* PrefixHeader.pch */ = {isa = PBXFileReference; lastKnownFileType = sourcecode.c.h; path = PrefixHeader.pch; sourceTree = "<group>"; };
		1836AFDD2431ECC900EA8F30 /* YYSizeMacros.h */ = {isa = PBXFileReference; fileEncoding = 4; lastKnownFileType = sourcecode.c.h; path = YYSizeMacros.h; sourceTree = "<group>"; };
		1836AFDF2431ECC900EA8F30 /* YYCacheMacros.h */ = {isa = PBXFileReference; fileEncoding = 4; lastKnownFileType = sourcecode.c.h; path = YYCacheMacros.h; sourceTree = "<group>"; };
		1836AFE02431ECC900EA8F30 /* YYColorMacros.h */ = {isa = PBXFileReference; fileEncoding = 4; lastKnownFileType = sourcecode.c.h; path = YYColorMacros.h; sourceTree = "<group>"; };
		1836AFE12431ECC900EA8F30 /* YYURLMacros.h */ = {isa = PBXFileReference; fileEncoding = 4; lastKnownFileType = sourcecode.c.h; path = YYURLMacros.h; sourceTree = "<group>"; };
		18633B602432D79000CE3E60 /* UIImage+imgaeWithColor.h */ = {isa = PBXFileReference; fileEncoding = 4; lastKnownFileType = sourcecode.c.h; path = "UIImage+imgaeWithColor.h"; sourceTree = "<group>"; };
		18633B612432D79000CE3E60 /* UIImage+imgaeWithColor.m */ = {isa = PBXFileReference; fileEncoding = 4; lastKnownFileType = sourcecode.c.objc; path = "UIImage+imgaeWithColor.m"; sourceTree = "<group>"; };
		18633B662432D79000CE3E60 /* UIButton+XYButton.h */ = {isa = PBXFileReference; fileEncoding = 4; lastKnownFileType = sourcecode.c.h; path = "UIButton+XYButton.h"; sourceTree = "<group>"; };
		18633B672432D79000CE3E60 /* UIButton+EX.h */ = {isa = PBXFileReference; fileEncoding = 4; lastKnownFileType = sourcecode.c.h; path = "UIButton+EX.h"; sourceTree = "<group>"; };
		18633B682432D79000CE3E60 /* UIButton+EX.m */ = {isa = PBXFileReference; fileEncoding = 4; lastKnownFileType = sourcecode.c.objc; path = "UIButton+EX.m"; sourceTree = "<group>"; };
		18633B692432D79000CE3E60 /* UIButton+XYButton.m */ = {isa = PBXFileReference; fileEncoding = 4; lastKnownFileType = sourcecode.c.objc; path = "UIButton+XYButton.m"; sourceTree = "<group>"; };
		18633B6B2432D79000CE3E60 /* UILabel+Coupon.m */ = {isa = PBXFileReference; fileEncoding = 4; lastKnownFileType = sourcecode.c.objc; path = "UILabel+Coupon.m"; sourceTree = "<group>"; };
		18633B6C2432D79000CE3E60 /* CoponLabel.h */ = {isa = PBXFileReference; fileEncoding = 4; lastKnownFileType = sourcecode.c.h; path = CoponLabel.h; sourceTree = "<group>"; };
		18633B6D2432D79000CE3E60 /* UILabel+Coupon.h */ = {isa = PBXFileReference; fileEncoding = 4; lastKnownFileType = sourcecode.c.h; path = "UILabel+Coupon.h"; sourceTree = "<group>"; };
		18633B6E2432D79000CE3E60 /* CoponLabel.m */ = {isa = PBXFileReference; fileEncoding = 4; lastKnownFileType = sourcecode.c.objc; path = CoponLabel.m; sourceTree = "<group>"; };
		18633B702432D79000CE3E60 /* UIColor+Hex.m */ = {isa = PBXFileReference; fileEncoding = 4; lastKnownFileType = sourcecode.c.objc; path = "UIColor+Hex.m"; sourceTree = "<group>"; };
		18633B712432D79000CE3E60 /* UIColor+Hex.h */ = {isa = PBXFileReference; fileEncoding = 4; lastKnownFileType = sourcecode.c.h; path = "UIColor+Hex.h"; sourceTree = "<group>"; };
		18633B732432D79000CE3E60 /* UIView+AnimationExtend.h */ = {isa = PBXFileReference; fileEncoding = 4; lastKnownFileType = sourcecode.c.h; path = "UIView+AnimationExtend.h"; sourceTree = "<group>"; };
		18633B742432D79000CE3E60 /* UIView+AnimationExtend.m */ = {isa = PBXFileReference; fileEncoding = 4; lastKnownFileType = sourcecode.c.objc; path = "UIView+AnimationExtend.m"; sourceTree = "<group>"; };
		18633B762432D79000CE3E60 /* UITextView+ZWPlaceHolder.m */ = {isa = PBXFileReference; fileEncoding = 4; lastKnownFileType = sourcecode.c.objc; path = "UITextView+ZWPlaceHolder.m"; sourceTree = "<group>"; };
		18633B772432D79000CE3E60 /* UITextView+ZWPlaceHolder.h */ = {isa = PBXFileReference; fileEncoding = 4; lastKnownFileType = sourcecode.c.h; path = "UITextView+ZWPlaceHolder.h"; sourceTree = "<group>"; };
		18633B792432D79000CE3E60 /* UIBarButtonItem+Item.h */ = {isa = PBXFileReference; fileEncoding = 4; lastKnownFileType = sourcecode.c.h; path = "UIBarButtonItem+Item.h"; sourceTree = "<group>"; };
		18633B7A2432D79000CE3E60 /* UIBarButtonItem+Item.m */ = {isa = PBXFileReference; fileEncoding = 4; lastKnownFileType = sourcecode.c.objc; path = "UIBarButtonItem+Item.m"; sourceTree = "<group>"; };
		18633B7C2432D79000CE3E60 /* NSString+TwoPoint.h */ = {isa = PBXFileReference; fileEncoding = 4; lastKnownFileType = sourcecode.c.h; path = "NSString+TwoPoint.h"; sourceTree = "<group>"; };
		18633B7D2432D79000CE3E60 /* NSString+TwoPoint.m */ = {isa = PBXFileReference; fileEncoding = 4; lastKnownFileType = sourcecode.c.objc; path = "NSString+TwoPoint.m"; sourceTree = "<group>"; };
		18633B7F2432D79000CE3E60 /* UIViewController+AlertViewAndActionSheet.h */ = {isa = PBXFileReference; fileEncoding = 4; lastKnownFileType = sourcecode.c.h; path = "UIViewController+AlertViewAndActionSheet.h"; sourceTree = "<group>"; };
		18633B802432D79000CE3E60 /* UIViewController+AlertViewAndActionSheet.m */ = {isa = PBXFileReference; fileEncoding = 4; lastKnownFileType = sourcecode.c.objc; path = "UIViewController+AlertViewAndActionSheet.m"; sourceTree = "<group>"; };
		18633B822432D79000CE3E60 /* UITextField+Placeholder.m */ = {isa = PBXFileReference; fileEncoding = 4; lastKnownFileType = sourcecode.c.objc; path = "UITextField+Placeholder.m"; sourceTree = "<group>"; };
		18633B832432D79000CE3E60 /* UITextField+Placeholder.h */ = {isa = PBXFileReference; fileEncoding = 4; lastKnownFileType = sourcecode.c.h; path = "UITextField+Placeholder.h"; sourceTree = "<group>"; };
		18633B9B24331B7A00CE3E60 /* YYBaseCollectionViewController.h */ = {isa = PBXFileReference; lastKnownFileType = sourcecode.c.h; path = YYBaseCollectionViewController.h; sourceTree = "<group>"; };
		18633B9C24331B7A00CE3E60 /* YYBaseCollectionViewController.m */ = {isa = PBXFileReference; lastKnownFileType = sourcecode.c.objc; path = YYBaseCollectionViewController.m; sourceTree = "<group>"; };
		18999016243436D700B5D1D6 /* HomeMainViewModel.h */ = {isa = PBXFileReference; lastKnownFileType = sourcecode.c.h; path = HomeMainViewModel.h; sourceTree = "<group>"; };
		18999017243436D700B5D1D6 /* HomeMainViewModel.m */ = {isa = PBXFileReference; lastKnownFileType = sourcecode.c.objc; path = HomeMainViewModel.m; sourceTree = "<group>"; };
		1899901924343FBB00B5D1D6 /* YYHomeCollectionViewController.h */ = {isa = PBXFileReference; lastKnownFileType = sourcecode.c.h; path = YYHomeCollectionViewController.h; sourceTree = "<group>"; };
		1899901A24343FBB00B5D1D6 /* YYHomeCollectionViewController.m */ = {isa = PBXFileReference; lastKnownFileType = sourcecode.c.objc; path = YYHomeCollectionViewController.m; sourceTree = "<group>"; };
		1899902424344A4F00B5D1D6 /* data.json */ = {isa = PBXFileReference; fileEncoding = 4; lastKnownFileType = text.json; path = data.json; sourceTree = "<group>"; };
		1899902624344A8E00B5D1D6 /* HomeTitle.plist */ = {isa = PBXFileReference; fileEncoding = 4; lastKnownFileType = text.plist.xml; path = HomeTitle.plist; sourceTree = "<group>"; };
		18999028243460F700B5D1D6 /* HomeGoodsCategoriesModel.h */ = {isa = PBXFileReference; lastKnownFileType = sourcecode.c.h; path = HomeGoodsCategoriesModel.h; sourceTree = "<group>"; };
		18999029243460F700B5D1D6 /* HomeGoodsCategoriesModel.m */ = {isa = PBXFileReference; lastKnownFileType = sourcecode.c.objc; path = HomeGoodsCategoriesModel.m; sourceTree = "<group>"; };
		1899902E24347FFF00B5D1D6 /* HomeMainCollectionViewController.h */ = {isa = PBXFileReference; lastKnownFileType = sourcecode.c.h; path = HomeMainCollectionViewController.h; sourceTree = "<group>"; };
		1899902F24347FFF00B5D1D6 /* HomeMainCollectionViewController.m */ = {isa = PBXFileReference; lastKnownFileType = sourcecode.c.objc; path = HomeMainCollectionViewController.m; sourceTree = "<group>"; };
		189990312434838F00B5D1D6 /* HomeLikeCollectionViewController.h */ = {isa = PBXFileReference; lastKnownFileType = sourcecode.c.h; path = HomeLikeCollectionViewController.h; sourceTree = "<group>"; };
		189990322434838F00B5D1D6 /* HomeLikeCollectionViewController.m */ = {isa = PBXFileReference; lastKnownFileType = sourcecode.c.objc; path = HomeLikeCollectionViewController.m; sourceTree = "<group>"; };
		1899903424348DC600B5D1D6 /* HomeMainCollectionViewCell.h */ = {isa = PBXFileReference; lastKnownFileType = sourcecode.c.h; path = HomeMainCollectionViewCell.h; sourceTree = "<group>"; };
		1899903524348DC600B5D1D6 /* HomeMainCollectionViewCell.m */ = {isa = PBXFileReference; lastKnownFileType = sourcecode.c.objc; path = HomeMainCollectionViewCell.m; sourceTree = "<group>"; };
		18999037243494AC00B5D1D6 /* HomeMainModel.h */ = {isa = PBXFileReference; lastKnownFileType = sourcecode.c.h; path = HomeMainModel.h; sourceTree = "<group>"; };
		18999038243494AC00B5D1D6 /* HomeMainModel.m */ = {isa = PBXFileReference; lastKnownFileType = sourcecode.c.objc; path = HomeMainModel.m; sourceTree = "<group>"; };
		18A216022433426900DC0FF8 /* YYLiveCollectionViewController.h */ = {isa = PBXFileReference; lastKnownFileType = sourcecode.c.h; path = YYLiveCollectionViewController.h; sourceTree = "<group>"; };
		18A216032433426900DC0FF8 /* YYLiveCollectionViewController.m */ = {isa = PBXFileReference; lastKnownFileType = sourcecode.c.objc; path = YYLiveCollectionViewController.m; sourceTree = "<group>"; };
		18A216052433459400DC0FF8 /* YYMemCollectionViewController.h */ = {isa = PBXFileReference; lastKnownFileType = sourcecode.c.h; path = YYMemCollectionViewController.h; sourceTree = "<group>"; };
		18A216062433459400DC0FF8 /* YYMemCollectionViewController.m */ = {isa = PBXFileReference; lastKnownFileType = sourcecode.c.objc; path = YYMemCollectionViewController.m; sourceTree = "<group>"; };
		AA9DCAEBEF3C519A745E3E5B /* Pods-BYNAPP.debug.xcconfig */ = {isa = PBXFileReference; includeInIndex = 1; lastKnownFileType = text.xcconfig; name = "Pods-BYNAPP.debug.xcconfig"; path = "Target Support Files/Pods-BYNAPP/Pods-BYNAPP.debug.xcconfig"; sourceTree = "<group>"; };
		AEF2C5D843CA070C2CFC657A /* Pods-BYNAPP.release.xcconfig */ = {isa = PBXFileReference; includeInIndex = 1; lastKnownFileType = text.xcconfig; name = "Pods-BYNAPP.release.xcconfig"; path = "Target Support Files/Pods-BYNAPP/Pods-BYNAPP.release.xcconfig"; sourceTree = "<group>"; };
/* End PBXFileReference section */

/* Begin PBXFrameworksBuildPhase section */
		1836ACB32431BE3F00EA8F30 /* Frameworks */ = {
			isa = PBXFrameworksBuildPhase;
			buildActionMask = 2147483647;
			files = (
				6B6E85979B985D0442E45834 /* libPods-BYNAPP.a in Frameworks */,
			);
			runOnlyForDeploymentPostprocessing = 0;
		};
/* End PBXFrameworksBuildPhase section */

/* Begin PBXGroup section */
		1836ACAD2431BE3F00EA8F30 = {
			isa = PBXGroup;
			children = (
				1836ACB82431BE3F00EA8F30 /* BYNAPP */,
				1836ACB72431BE3F00EA8F30 /* Products */,
				B4697048584F98D3238CF658 /* Pods */,
				EC201137564669723552ABDE /* Frameworks */,
			);
			sourceTree = "<group>";
		};
		1836ACB72431BE3F00EA8F30 /* Products */ = {
			isa = PBXGroup;
			children = (
				1836ACB62431BE3F00EA8F30 /* BYNAPP.app */,
			);
			name = Products;
			sourceTree = "<group>";
		};
		1836ACB82431BE3F00EA8F30 /* BYNAPP */ = {
			isa = PBXGroup;
			children = (
				1836ACB92431BE3F00EA8F30 /* AppDelegate.h */,
				1836ACBA2431BE3F00EA8F30 /* AppDelegate.m */,
				1836ACDD2431E0E900EA8F30 /* Main */,
				1836AD052431E16900EA8F30 /* Modules */,
				1836AFA22431E28300EA8F30 /* PackagingTools */,
				1899901C24344A1D00B5D1D6 /* Resource */,
				1836ACC72431BE4200EA8F30 /* LaunchScreen.storyboard */,
				1836ACC52431BE4200EA8F30 /* Assets.xcassets */,
				1836ACCA2431BE4200EA8F30 /* Info.plist */,
				1836ACCB2431BE4200EA8F30 /* main.m */,
				1836AFD52431E67300EA8F30 /* PrefixHeader.pch */,
			);
			path = BYNAPP;
			sourceTree = "<group>";
		};
		1836ACD22431D18100EA8F30 /* APIManage */ = {
			isa = PBXGroup;
			children = (
				1836ACD32431D18100EA8F30 /* YYNetHTTPTool.h */,
				1836ACD42431D18100EA8F30 /* YYNetHTTPTool.m */,
			);
			path = APIManage;
			sourceTree = "<group>";
		};
		1836ACD62431D48600EA8F30 /* PPNetTools */ = {
			isa = PBXGroup;
			children = (
				1836ACD92431D48600EA8F30 /* PPNetworkTools.h */,
				1836ACD72431D48600EA8F30 /* PPNetworkTools.m */,
				1836ACD82431D48600EA8F30 /* PPNetworkCache.h */,
				1836ACDA2431D48600EA8F30 /* PPNetworkCache.m */,
			);
			path = PPNetTools;
			sourceTree = "<group>";
		};
		1836ACDD2431E0E900EA8F30 /* Main */ = {
			isa = PBXGroup;
			children = (
				1836ACE22431E0E900EA8F30 /* NavigationController */,
				1836ACF62431E0E900EA8F30 /* TabbarController */,
				1836ACE12431E0E900EA8F30 /* WebViewController */,
				1836ACED2431E0E900EA8F30 /* BaseMVC */,
			);
			path = Main;
			sourceTree = "<group>";
		};
		1836ACE12431E0E900EA8F30 /* WebViewController */ = {
			isa = PBXGroup;
			children = (
				1836AFCC2431E55400EA8F30 /* YYWebViewController.h */,
				1836AFCD2431E55400EA8F30 /* YYWebViewController.m */,
			);
			path = WebViewController;
			sourceTree = "<group>";
		};
		1836ACE22431E0E900EA8F30 /* NavigationController */ = {
			isa = PBXGroup;
			children = (
				1836ACE32431E0E900EA8F30 /* RootNavigationController.m */,
				1836ACE42431E0E900EA8F30 /* RootNavigationController.h */,
			);
			path = NavigationController;
			sourceTree = "<group>";
		};
		1836ACED2431E0E900EA8F30 /* BaseMVC */ = {
			isa = PBXGroup;
			children = (
				1836AFC92431E53900EA8F30 /* YYBaseViewController.h */,
				1836AFCA2431E53900EA8F30 /* YYBaseViewController.m */,
				18633B9B24331B7A00CE3E60 /* YYBaseCollectionViewController.h */,
				18633B9C24331B7A00CE3E60 /* YYBaseCollectionViewController.m */,
			);
			path = BaseMVC;
			sourceTree = "<group>";
		};
		1836ACF62431E0E900EA8F30 /* TabbarController */ = {
			isa = PBXGroup;
			children = (
				1836ACF82431E0E900EA8F30 /* YYMainTabBarController.h */,
				1836ACF72431E0E900EA8F30 /* YYMainTabBarController.m */,
			);
			path = TabbarController;
			sourceTree = "<group>";
		};
		1836AD052431E16900EA8F30 /* Modules */ = {
			isa = PBXGroup;
			children = (
				1836AD5E2431E16900EA8F30 /* Home */,
				1836AE2A2431E16A00EA8F30 /* Liverpool */,
				1836AD062431E16900EA8F30 /* Member */,
				1836AE402431E16A00EA8F30 /* Person */,
			);
			path = Modules;
			sourceTree = "<group>";
		};
		1836AD062431E16900EA8F30 /* Member */ = {
			isa = PBXGroup;
			children = (
				1836AD072431E16900EA8F30 /* Controller */,
				1836AD0E2431E16900EA8F30 /* Model */,
				1836AD132431E16900EA8F30 /* View */,
			);
			path = Member;
			sourceTree = "<group>";
		};
		1836AD072431E16900EA8F30 /* Controller */ = {
			isa = PBXGroup;
			children = (
				18A216052433459400DC0FF8 /* YYMemCollectionViewController.h */,
				18A216062433459400DC0FF8 /* YYMemCollectionViewController.m */,
			);
			path = Controller;
			sourceTree = "<group>";
		};
		1836AD0E2431E16900EA8F30 /* Model */ = {
			isa = PBXGroup;
			children = (
			);
			path = Model;
			sourceTree = "<group>";
		};
		1836AD132431E16900EA8F30 /* View */ = {
			isa = PBXGroup;
			children = (
			);
			path = View;
			sourceTree = "<group>";
		};
		1836AD5E2431E16900EA8F30 /* Home */ = {
			isa = PBXGroup;
			children = (
				1836AD5F2431E16900EA8F30 /* Controller */,
				18633B912433015A00CE3E60 /* ViewModel */,
				1836AD8B2431E16900EA8F30 /* Model */,
				1836ADAA2431E16900EA8F30 /* View */,
			);
			path = Home;
			sourceTree = "<group>";
		};
		1836AD5F2431E16900EA8F30 /* Controller */ = {
			isa = PBXGroup;
			children = (
				1899901924343FBB00B5D1D6 /* YYHomeCollectionViewController.h */,
				1899901A24343FBB00B5D1D6 /* YYHomeCollectionViewController.m */,
				1899902E24347FFF00B5D1D6 /* HomeMainCollectionViewController.h */,
				1899902F24347FFF00B5D1D6 /* HomeMainCollectionViewController.m */,
				189990312434838F00B5D1D6 /* HomeLikeCollectionViewController.h */,
				189990322434838F00B5D1D6 /* HomeLikeCollectionViewController.m */,
			);
			path = Controller;
			sourceTree = "<group>";
		};
		1836AD8B2431E16900EA8F30 /* Model */ = {
			isa = PBXGroup;
			children = (
				18999028243460F700B5D1D6 /* HomeGoodsCategoriesModel.h */,
				18999029243460F700B5D1D6 /* HomeGoodsCategoriesModel.m */,
				18999037243494AC00B5D1D6 /* HomeMainModel.h */,
				18999038243494AC00B5D1D6 /* HomeMainModel.m */,
			);
			path = Model;
			sourceTree = "<group>";
		};
		1836ADAA2431E16900EA8F30 /* View */ = {
			isa = PBXGroup;
			children = (
				1899903424348DC600B5D1D6 /* HomeMainCollectionViewCell.h */,
				1899903524348DC600B5D1D6 /* HomeMainCollectionViewCell.m */,
			);
			path = View;
			sourceTree = "<group>";
		};
		1836AE2A2431E16A00EA8F30 /* Liverpool */ = {
			isa = PBXGroup;
			children = (
				1836AE322431E16A00EA8F30 /* ViewController */,
				1836AE2B2431E16A00EA8F30 /* Model */,
				1836AE2E2431E16A00EA8F30 /* View */,
			);
			path = Liverpool;
			sourceTree = "<group>";
		};
		1836AE2B2431E16A00EA8F30 /* Model */ = {
			isa = PBXGroup;
			children = (
				1836AE2C2431E16A00EA8F30 /* LiveModel.h */,
				1836AE2D2431E16A00EA8F30 /* LiveModel.m */,
			);
			path = Model;
			sourceTree = "<group>";
		};
		1836AE2E2431E16A00EA8F30 /* View */ = {
			isa = PBXGroup;
			children = (
			);
			path = View;
			sourceTree = "<group>";
		};
		1836AE322431E16A00EA8F30 /* ViewController */ = {
			isa = PBXGroup;
			children = (
				18A216022433426900DC0FF8 /* YYLiveCollectionViewController.h */,
				18A216032433426900DC0FF8 /* YYLiveCollectionViewController.m */,
			);
			path = ViewController;
			sourceTree = "<group>";
		};
		1836AE402431E16A00EA8F30 /* Person */ = {
			isa = PBXGroup;
			children = (
				1836AE582431E16A00EA8F30 /* Controller */,
				1836AE7C2431E16A00EA8F30 /* Model */,
				1836AE892431E16A00EA8F30 /* View */,
			);
			path = Person;
			sourceTree = "<group>";
		};
		1836AE582431E16A00EA8F30 /* Controller */ = {
			isa = PBXGroup;
			children = (
				1836AFD22431E61B00EA8F30 /* YYPersonViewController.h */,
				1836AFD32431E61B00EA8F30 /* YYPersonViewController.m */,
			);
			path = Controller;
			sourceTree = "<group>";
		};
		1836AE7C2431E16A00EA8F30 /* Model */ = {
			isa = PBXGroup;
			children = (
			);
			path = Model;
			sourceTree = "<group>";
		};
		1836AE892431E16A00EA8F30 /* View */ = {
			isa = PBXGroup;
			children = (
			);
			path = View;
			sourceTree = "<group>";
		};
		1836AFA22431E28300EA8F30 /* PackagingTools */ = {
			isa = PBXGroup;
			children = (
				1836AFDC2431ECC900EA8F30 /* Define(宏定义) */,
				18633B5E2432D79000CE3E60 /* Category */,
				1836ACD22431D18100EA8F30 /* APIManage */,
				1836ACD62431D48600EA8F30 /* PPNetTools */,
				1836AFAE2431E28300EA8F30 /* EncodeDic(字典读取) */,
				1836AFB12431E28300EA8F30 /* RefreshTools */,
				1836AFB62431E28300EA8F30 /* SaveTool(存储数据) */,
				1836AFBC2431E28300EA8F30 /* File(获取文件大小) */,
			);
			path = PackagingTools;
			sourceTree = "<group>";
		};
		1836AFAE2431E28300EA8F30 /* EncodeDic(字典读取) */ = {
			isa = PBXGroup;
			children = (
				1836AFAF2431E28300EA8F30 /* DefineConstant.h */,
				1836AFB02431E28300EA8F30 /* DefineConstant.m */,
			);
			path = "EncodeDic(字典读取)";
			sourceTree = "<group>";
		};
		1836AFB12431E28300EA8F30 /* RefreshTools */ = {
			isa = PBXGroup;
			children = (
				1836AFB22431E28300EA8F30 /* LPRefreshFooter.h */,
				1836AFB52431E28300EA8F30 /* LPRefreshFooter.m */,
				1836AFB32431E28300EA8F30 /* LPRefreshGifHeader.m */,
				1836AFB42431E28300EA8F30 /* LPRefreshGifHeader.h */,
			);
			path = RefreshTools;
			sourceTree = "<group>";
		};
		1836AFB62431E28300EA8F30 /* SaveTool(存储数据) */ = {
			isa = PBXGroup;
			children = (
				1836AFB72431E28300EA8F30 /* YYSaveTool.h */,
				1836AFB82431E28300EA8F30 /* YYSaveTool.m */,
			);
			path = "SaveTool(存储数据)";
			sourceTree = "<group>";
		};
		1836AFBC2431E28300EA8F30 /* File(获取文件大小) */ = {
			isa = PBXGroup;
			children = (
				1836AFBD2431E28300EA8F30 /* XMGFileTool.h */,
				1836AFBE2431E28300EA8F30 /* XMGFileTool.m */,
			);
			path = "File(获取文件大小)";
			sourceTree = "<group>";
		};
		1836AFDC2431ECC900EA8F30 /* Define(宏定义) */ = {
			isa = PBXGroup;
			children = (
				1836AFE12431ECC900EA8F30 /* YYURLMacros.h */,
				1836AFE02431ECC900EA8F30 /* YYColorMacros.h */,
				1836AFDD2431ECC900EA8F30 /* YYSizeMacros.h */,
				1836AFDF2431ECC900EA8F30 /* YYCacheMacros.h */,
			);
			path = "Define(宏定义)";
			sourceTree = "<group>";
		};
		18633B5E2432D79000CE3E60 /* Category */ = {
			isa = PBXGroup;
			children = (
				18633B5F2432D79000CE3E60 /* UIImage */,
				18633B652432D79000CE3E60 /* UIBButton */,
				18633B6A2432D79000CE3E60 /* UILabel */,
				18633B6F2432D79000CE3E60 /* UIColor */,
				18633B722432D79000CE3E60 /* UIView */,
				18633B752432D79000CE3E60 /* UITextView */,
				18633B782432D79000CE3E60 /* UIBarButtonItem */,
				18633B7B2432D79000CE3E60 /* Nsstring */,
				18633B7E2432D79000CE3E60 /* UIViewController */,
				18633B812432D79000CE3E60 /* UITextField */,
			);
			path = Category;
			sourceTree = "<group>";
		};
		18633B5F2432D79000CE3E60 /* UIImage */ = {
			isa = PBXGroup;
			children = (
				18633B602432D79000CE3E60 /* UIImage+imgaeWithColor.h */,
				18633B612432D79000CE3E60 /* UIImage+imgaeWithColor.m */,
			);
			path = UIImage;
			sourceTree = "<group>";
		};
		18633B652432D79000CE3E60 /* UIBButton */ = {
			isa = PBXGroup;
			children = (
				18633B662432D79000CE3E60 /* UIButton+XYButton.h */,
				18633B672432D79000CE3E60 /* UIButton+EX.h */,
				18633B682432D79000CE3E60 /* UIButton+EX.m */,
				18633B692432D79000CE3E60 /* UIButton+XYButton.m */,
			);
			path = UIBButton;
			sourceTree = "<group>";
		};
		18633B6A2432D79000CE3E60 /* UILabel */ = {
			isa = PBXGroup;
			children = (
				18633B6B2432D79000CE3E60 /* UILabel+Coupon.m */,
				18633B6C2432D79000CE3E60 /* CoponLabel.h */,
				18633B6D2432D79000CE3E60 /* UILabel+Coupon.h */,
				18633B6E2432D79000CE3E60 /* CoponLabel.m */,
			);
			path = UILabel;
			sourceTree = "<group>";
		};
		18633B6F2432D79000CE3E60 /* UIColor */ = {
			isa = PBXGroup;
			children = (
				18633B702432D79000CE3E60 /* UIColor+Hex.m */,
				18633B712432D79000CE3E60 /* UIColor+Hex.h */,
			);
			path = UIColor;
			sourceTree = "<group>";
		};
		18633B722432D79000CE3E60 /* UIView */ = {
			isa = PBXGroup;
			children = (
				18633B732432D79000CE3E60 /* UIView+AnimationExtend.h */,
				18633B742432D79000CE3E60 /* UIView+AnimationExtend.m */,
			);
			path = UIView;
			sourceTree = "<group>";
		};
		18633B752432D79000CE3E60 /* UITextView */ = {
			isa = PBXGroup;
			children = (
				18633B762432D79000CE3E60 /* UITextView+ZWPlaceHolder.m */,
				18633B772432D79000CE3E60 /* UITextView+ZWPlaceHolder.h */,
			);
			path = UITextView;
			sourceTree = "<group>";
		};
		18633B782432D79000CE3E60 /* UIBarButtonItem */ = {
			isa = PBXGroup;
			children = (
				18633B792432D79000CE3E60 /* UIBarButtonItem+Item.h */,
				18633B7A2432D79000CE3E60 /* UIBarButtonItem+Item.m */,
			);
			path = UIBarButtonItem;
			sourceTree = "<group>";
		};
		18633B7B2432D79000CE3E60 /* Nsstring */ = {
			isa = PBXGroup;
			children = (
				18633B7C2432D79000CE3E60 /* NSString+TwoPoint.h */,
				18633B7D2432D79000CE3E60 /* NSString+TwoPoint.m */,
			);
			path = Nsstring;
			sourceTree = "<group>";
		};
		18633B7E2432D79000CE3E60 /* UIViewController */ = {
			isa = PBXGroup;
			children = (
				18633B7F2432D79000CE3E60 /* UIViewController+AlertViewAndActionSheet.h */,
				18633B802432D79000CE3E60 /* UIViewController+AlertViewAndActionSheet.m */,
			);
			path = UIViewController;
			sourceTree = "<group>";
		};
		18633B812432D79000CE3E60 /* UITextField */ = {
			isa = PBXGroup;
			children = (
				18633B822432D79000CE3E60 /* UITextField+Placeholder.m */,
				18633B832432D79000CE3E60 /* UITextField+Placeholder.h */,
			);
			path = UITextField;
			sourceTree = "<group>";
		};
		18633B912433015A00CE3E60 /* ViewModel */ = {
			isa = PBXGroup;
			children = (
				18999016243436D700B5D1D6 /* HomeMainViewModel.h */,
				18999017243436D700B5D1D6 /* HomeMainViewModel.m */,
			);
			path = ViewModel;
			sourceTree = "<group>";
		};
		1899901C24344A1D00B5D1D6 /* Resource */ = {
			isa = PBXGroup;
			children = (
				1899902624344A8E00B5D1D6 /* HomeTitle.plist */,
				1899902424344A4F00B5D1D6 /* data.json */,
			);
			path = Resource;
			sourceTree = "<group>";
		};
		B4697048584F98D3238CF658 /* Pods */ = {
			isa = PBXGroup;
			children = (
				AA9DCAEBEF3C519A745E3E5B /* Pods-BYNAPP.debug.xcconfig */,
				AEF2C5D843CA070C2CFC657A /* Pods-BYNAPP.release.xcconfig */,
			);
			path = Pods;
			sourceTree = "<group>";
		};
		EC201137564669723552ABDE /* Frameworks */ = {
			isa = PBXGroup;
			children = (
				08274BEB44E2894270F3A15C /* libPods-BYNAPP.a */,
			);
			name = Frameworks;
			sourceTree = "<group>";
		};
/* End PBXGroup section */

/* Begin PBXNativeTarget section */
		1836ACB52431BE3F00EA8F30 /* BYNAPP */ = {
			isa = PBXNativeTarget;
			buildConfigurationList = 1836ACCF2431BE4200EA8F30 /* Build configuration list for PBXNativeTarget "BYNAPP" */;
			buildPhases = (
				24853F5C3C900FE499C8C804 /* [CP] Check Pods Manifest.lock */,
				1836ACB22431BE3F00EA8F30 /* Sources */,
				1836ACB32431BE3F00EA8F30 /* Frameworks */,
				1836ACB42431BE3F00EA8F30 /* Resources */,
				E321252ABB4CBB8EEB206E89 /* [CP] Copy Pods Resources */,
			);
			buildRules = (
			);
			dependencies = (
			);
			name = BYNAPP;
			productName = BYNAPP;
			productReference = 1836ACB62431BE3F00EA8F30 /* BYNAPP.app */;
			productType = "com.apple.product-type.application";
		};
/* End PBXNativeTarget section */

/* Begin PBXProject section */
		1836ACAE2431BE3F00EA8F30 /* Project object */ = {
			isa = PBXProject;
			attributes = {
				LastUpgradeCheck = 1130;
				ORGANIZATIONNAME = xidian;
				TargetAttributes = {
					1836ACB52431BE3F00EA8F30 = {
						CreatedOnToolsVersion = 11.3.1;
					};
				};
			};
			buildConfigurationList = 1836ACB12431BE3F00EA8F30 /* Build configuration list for PBXProject "BYNAPP" */;
			compatibilityVersion = "Xcode 9.3";
			developmentRegion = en;
			hasScannedForEncodings = 0;
			knownRegions = (
				en,
				Base,
			);
			mainGroup = 1836ACAD2431BE3F00EA8F30;
			productRefGroup = 1836ACB72431BE3F00EA8F30 /* Products */;
			projectDirPath = "";
			projectRoot = "";
			targets = (
				1836ACB52431BE3F00EA8F30 /* BYNAPP */,
			);
		};
/* End PBXProject section */

/* Begin PBXResourcesBuildPhase section */
		1836ACB42431BE3F00EA8F30 /* Resources */ = {
			isa = PBXResourcesBuildPhase;
			buildActionMask = 2147483647;
			files = (
				1899902724344A8E00B5D1D6 /* HomeTitle.plist in Resources */,
				1836ACC92431BE4200EA8F30 /* LaunchScreen.storyboard in Resources */,
				1899902524344A4F00B5D1D6 /* data.json in Resources */,
				1836ACC62431BE4200EA8F30 /* Assets.xcassets in Resources */,
			);
			runOnlyForDeploymentPostprocessing = 0;
		};
/* End PBXResourcesBuildPhase section */

/* Begin PBXShellScriptBuildPhase section */
		24853F5C3C900FE499C8C804 /* [CP] Check Pods Manifest.lock */ = {
			isa = PBXShellScriptBuildPhase;
			buildActionMask = 2147483647;
			files = (
			);
			inputFileListPaths = (
			);
			inputPaths = (
				"${PODS_PODFILE_DIR_PATH}/Podfile.lock",
				"${PODS_ROOT}/Manifest.lock",
			);
			name = "[CP] Check Pods Manifest.lock";
			outputFileListPaths = (
			);
			outputPaths = (
				"$(DERIVED_FILE_DIR)/Pods-BYNAPP-checkManifestLockResult.txt",
			);
			runOnlyForDeploymentPostprocessing = 0;
			shellPath = /bin/sh;
			shellScript = "diff \"${PODS_PODFILE_DIR_PATH}/Podfile.lock\" \"${PODS_ROOT}/Manifest.lock\" > /dev/null\nif [ $? != 0 ] ; then\n    # print error to STDERR\n    echo \"error: The sandbox is not in sync with the Podfile.lock. Run 'pod install' or update your CocoaPods installation.\" >&2\n    exit 1\nfi\n# This output is used by Xcode 'outputs' to avoid re-running this script phase.\necho \"SUCCESS\" > \"${SCRIPT_OUTPUT_FILE_0}\"\n";
			showEnvVarsInLog = 0;
		};
		E321252ABB4CBB8EEB206E89 /* [CP] Copy Pods Resources */ = {
			isa = PBXShellScriptBuildPhase;
			buildActionMask = 2147483647;
			files = (
			);
			inputFileListPaths = (
				"${PODS_ROOT}/Target Support Files/Pods-BYNAPP/Pods-BYNAPP-resources-${CONFIGURATION}-input-files.xcfilelist",
			);
			name = "[CP] Copy Pods Resources";
			outputFileListPaths = (
				"${PODS_ROOT}/Target Support Files/Pods-BYNAPP/Pods-BYNAPP-resources-${CONFIGURATION}-output-files.xcfilelist",
			);
			runOnlyForDeploymentPostprocessing = 0;
			shellPath = /bin/sh;
			shellScript = "\"${PODS_ROOT}/Target Support Files/Pods-BYNAPP/Pods-BYNAPP-resources.sh\"\n";
			showEnvVarsInLog = 0;
		};
/* End PBXShellScriptBuildPhase section */

/* Begin PBXSourcesBuildPhase section */
		1836ACB22431BE3F00EA8F30 /* Sources */ = {
			isa = PBXSourcesBuildPhase;
			buildActionMask = 2147483647;
			files = (
				18A216042433426900DC0FF8 /* YYLiveCollectionViewController.m in Sources */,
				18633B902432D79100CE3E60 /* UITextField+Placeholder.m in Sources */,
				189990332434838F00B5D1D6 /* HomeLikeCollectionViewController.m in Sources */,
				189990302434800000B5D1D6 /* HomeMainCollectionViewController.m in Sources */,
				18633B8D2432D79100CE3E60 /* UIBarButtonItem+Item.m in Sources */,
				1836AFCB2431E53900EA8F30 /* YYBaseViewController.m in Sources */,
				1836AFC52431E28300EA8F30 /* LPRefreshFooter.m in Sources */,
				18633B882432D79100CE3E60 /* UILabel+Coupon.m in Sources */,
				18633B842432D79100CE3E60 /* UIImage+imgaeWithColor.m in Sources */,
				18633B8C2432D79100CE3E60 /* UITextView+ZWPlaceHolder.m in Sources */,
				1836ACDB2431D48600EA8F30 /* PPNetworkTools.m in Sources */,
				18633B862432D79100CE3E60 /* UIButton+EX.m in Sources */,
				18633B8F2432D79100CE3E60 /* UIViewController+AlertViewAndActionSheet.m in Sources */,
				18633B872432D79100CE3E60 /* UIButton+XYButton.m in Sources */,
				1836ACBB2431BE3F00EA8F30 /* AppDelegate.m in Sources */,
				1836AFCE2431E55400EA8F30 /* YYWebViewController.m in Sources */,
				1836AF562431E16A00EA8F30 /* LiveModel.m in Sources */,
				18999018243436D700B5D1D6 /* HomeMainViewModel.m in Sources */,
				18633B8A2432D79100CE3E60 /* UIColor+Hex.m in Sources */,
				1836ACCC2431BE4200EA8F30 /* main.m in Sources */,
				18633B892432D79100CE3E60 /* CoponLabel.m in Sources */,
				1836AD042431E0E900EA8F30 /* YYMainTabBarController.m in Sources */,
				1836ACFA2431E0E900EA8F30 /* RootNavigationController.m in Sources */,
				1899901B24343FBB00B5D1D6 /* YYHomeCollectionViewController.m in Sources */,
				18A216072433459400DC0FF8 /* YYMemCollectionViewController.m in Sources */,
				1899902A243460F700B5D1D6 /* HomeGoodsCategoriesModel.m in Sources */,
				1836AFC82431E28300EA8F30 /* XMGFileTool.m in Sources */,
				1836ACD52431D18100EA8F30 /* YYNetHTTPTool.m in Sources */,
				1836AFD42431E61B00EA8F30 /* YYPersonViewController.m in Sources */,
				1836AFC42431E28300EA8F30 /* LPRefreshGifHeader.m in Sources */,
				18633B8B2432D79100CE3E60 /* UIView+AnimationExtend.m in Sources */,
				1836AFC32431E28300EA8F30 /* DefineConstant.m in Sources */,
				18633B8E2432D79100CE3E60 /* NSString+TwoPoint.m in Sources */,
				18999039243494AC00B5D1D6 /* HomeMainModel.m in Sources */,
				18633B9D24331B7A00CE3E60 /* YYBaseCollectionViewController.m in Sources */,
				1836ACDC2431D48600EA8F30 /* PPNetworkCache.m in Sources */,
				1836AFC62431E28300EA8F30 /* YYSaveTool.m in Sources */,
				1899903624348DC600B5D1D6 /* HomeMainCollectionViewCell.m in Sources */,
			);
			runOnlyForDeploymentPostprocessing = 0;
		};
/* End PBXSourcesBuildPhase section */

/* Begin PBXVariantGroup section */
		1836ACC72431BE4200EA8F30 /* LaunchScreen.storyboard */ = {
			isa = PBXVariantGroup;
			children = (
				1836ACC82431BE4200EA8F30 /* Base */,
			);
			name = LaunchScreen.storyboard;
			sourceTree = "<group>";
		};
/* End PBXVariantGroup section */

/* Begin XCBuildConfiguration section */
		1836ACCD2431BE4200EA8F30 /* Debug */ = {
			isa = XCBuildConfiguration;
			buildSettings = {
				ALWAYS_SEARCH_USER_PATHS = NO;
				CLANG_ANALYZER_NONNULL = YES;
				CLANG_ANALYZER_NUMBER_OBJECT_CONVERSION = YES_AGGRESSIVE;
				CLANG_CXX_LANGUAGE_STANDARD = "gnu++14";
				CLANG_CXX_LIBRARY = "libc++";
				CLANG_ENABLE_MODULES = YES;
				CLANG_ENABLE_OBJC_ARC = YES;
				CLANG_ENABLE_OBJC_WEAK = YES;
				CLANG_WARN_BLOCK_CAPTURE_AUTORELEASING = YES;
				CLANG_WARN_BOOL_CONVERSION = YES;
				CLANG_WARN_COMMA = YES;
				CLANG_WARN_CONSTANT_CONVERSION = YES;
				CLANG_WARN_DEPRECATED_OBJC_IMPLEMENTATIONS = YES;
				CLANG_WARN_DIRECT_OBJC_ISA_USAGE = YES_ERROR;
				CLANG_WARN_DOCUMENTATION_COMMENTS = YES;
				CLANG_WARN_EMPTY_BODY = YES;
				CLANG_WARN_ENUM_CONVERSION = YES;
				CLANG_WARN_INFINITE_RECURSION = YES;
				CLANG_WARN_INT_CONVERSION = YES;
				CLANG_WARN_NON_LITERAL_NULL_CONVERSION = YES;
				CLANG_WARN_OBJC_IMPLICIT_RETAIN_SELF = YES;
				CLANG_WARN_OBJC_LITERAL_CONVERSION = YES;
				CLANG_WARN_OBJC_ROOT_CLASS = YES_ERROR;
				CLANG_WARN_RANGE_LOOP_ANALYSIS = YES;
				CLANG_WARN_STRICT_PROTOTYPES = YES;
				CLANG_WARN_SUSPICIOUS_MOVE = YES;
				CLANG_WARN_UNGUARDED_AVAILABILITY = YES_AGGRESSIVE;
				CLANG_WARN_UNREACHABLE_CODE = YES;
				CLANG_WARN__DUPLICATE_METHOD_MATCH = YES;
				COPY_PHASE_STRIP = NO;
				DEBUG_INFORMATION_FORMAT = dwarf;
				ENABLE_STRICT_OBJC_MSGSEND = YES;
				ENABLE_TESTABILITY = YES;
				GCC_C_LANGUAGE_STANDARD = gnu11;
				GCC_DYNAMIC_NO_PIC = NO;
				GCC_NO_COMMON_BLOCKS = YES;
				GCC_OPTIMIZATION_LEVEL = 0;
				GCC_PREPROCESSOR_DEFINITIONS = (
					"DEBUG=1",
					"$(inherited)",
				);
				GCC_WARN_64_TO_32_BIT_CONVERSION = YES;
				GCC_WARN_ABOUT_RETURN_TYPE = YES_ERROR;
				GCC_WARN_UNDECLARED_SELECTOR = YES;
				GCC_WARN_UNINITIALIZED_AUTOS = YES_AGGRESSIVE;
				GCC_WARN_UNUSED_FUNCTION = YES;
				GCC_WARN_UNUSED_VARIABLE = YES;
				IPHONEOS_DEPLOYMENT_TARGET = 13.2;
				MTL_ENABLE_DEBUG_INFO = INCLUDE_SOURCE;
				MTL_FAST_MATH = YES;
				ONLY_ACTIVE_ARCH = YES;
				SDKROOT = iphoneos;
			};
			name = Debug;
		};
		1836ACCE2431BE4200EA8F30 /* Release */ = {
			isa = XCBuildConfiguration;
			buildSettings = {
				ALWAYS_SEARCH_USER_PATHS = NO;
				CLANG_ANALYZER_NONNULL = YES;
				CLANG_ANALYZER_NUMBER_OBJECT_CONVERSION = YES_AGGRESSIVE;
				CLANG_CXX_LANGUAGE_STANDARD = "gnu++14";
				CLANG_CXX_LIBRARY = "libc++";
				CLANG_ENABLE_MODULES = YES;
				CLANG_ENABLE_OBJC_ARC = YES;
				CLANG_ENABLE_OBJC_WEAK = YES;
				CLANG_WARN_BLOCK_CAPTURE_AUTORELEASING = YES;
				CLANG_WARN_BOOL_CONVERSION = YES;
				CLANG_WARN_COMMA = YES;
				CLANG_WARN_CONSTANT_CONVERSION = YES;
				CLANG_WARN_DEPRECATED_OBJC_IMPLEMENTATIONS = YES;
				CLANG_WARN_DIRECT_OBJC_ISA_USAGE = YES_ERROR;
				CLANG_WARN_DOCUMENTATION_COMMENTS = YES;
				CLANG_WARN_EMPTY_BODY = YES;
				CLANG_WARN_ENUM_CONVERSION = YES;
				CLANG_WARN_INFINITE_RECURSION = YES;
				CLANG_WARN_INT_CONVERSION = YES;
				CLANG_WARN_NON_LITERAL_NULL_CONVERSION = YES;
				CLANG_WARN_OBJC_IMPLICIT_RETAIN_SELF = YES;
				CLANG_WARN_OBJC_LITERAL_CONVERSION = YES;
				CLANG_WARN_OBJC_ROOT_CLASS = YES_ERROR;
				CLANG_WARN_RANGE_LOOP_ANALYSIS = YES;
				CLANG_WARN_STRICT_PROTOTYPES = YES;
				CLANG_WARN_SUSPICIOUS_MOVE = YES;
				CLANG_WARN_UNGUARDED_AVAILABILITY = YES_AGGRESSIVE;
				CLANG_WARN_UNREACHABLE_CODE = YES;
				CLANG_WARN__DUPLICATE_METHOD_MATCH = YES;
				COPY_PHASE_STRIP = NO;
				DEBUG_INFORMATION_FORMAT = "dwarf-with-dsym";
				ENABLE_NS_ASSERTIONS = NO;
				ENABLE_STRICT_OBJC_MSGSEND = YES;
				GCC_C_LANGUAGE_STANDARD = gnu11;
				GCC_NO_COMMON_BLOCKS = YES;
				GCC_WARN_64_TO_32_BIT_CONVERSION = YES;
				GCC_WARN_ABOUT_RETURN_TYPE = YES_ERROR;
				GCC_WARN_UNDECLARED_SELECTOR = YES;
				GCC_WARN_UNINITIALIZED_AUTOS = YES_AGGRESSIVE;
				GCC_WARN_UNUSED_FUNCTION = YES;
				GCC_WARN_UNUSED_VARIABLE = YES;
				IPHONEOS_DEPLOYMENT_TARGET = 13.2;
				MTL_ENABLE_DEBUG_INFO = NO;
				MTL_FAST_MATH = YES;
				SDKROOT = iphoneos;
				VALIDATE_PRODUCT = YES;
			};
			name = Release;
		};
		1836ACD02431BE4200EA8F30 /* Debug */ = {
			isa = XCBuildConfiguration;
			baseConfigurationReference = AA9DCAEBEF3C519A745E3E5B /* Pods-BYNAPP.debug.xcconfig */;
			buildSettings = {
				ASSETCATALOG_COMPILER_APPICON_NAME = AppIcon;
				CODE_SIGN_STYLE = Automatic;
				DEVELOPMENT_TEAM = KKMQ2LC855;
				GCC_PRECOMPILE_PREFIX_HEADER = YES;
				GCC_PREFIX_HEADER = BYNAPP/PrefixHeader.pch;
				INFOPLIST_FILE = BYNAPP/Info.plist;
				LD_RUNPATH_SEARCH_PATHS = (
					"$(inherited)",
					"@executable_path/Frameworks",
				);
				MARKETING_VERSION = 1.0.0;
				PRODUCT_BUNDLE_IDENTIFIER = com.xidian.BYNAPP;
				PRODUCT_NAME = "$(TARGET_NAME)";
				TARGETED_DEVICE_FAMILY = 1;
			};
			name = Debug;
		};
		1836ACD12431BE4200EA8F30 /* Release */ = {
			isa = XCBuildConfiguration;
			baseConfigurationReference = AEF2C5D843CA070C2CFC657A /* Pods-BYNAPP.release.xcconfig */;
			buildSettings = {
				ASSETCATALOG_COMPILER_APPICON_NAME = AppIcon;
				CODE_SIGN_STYLE = Automatic;
				DEVELOPMENT_TEAM = KKMQ2LC855;
				GCC_PRECOMPILE_PREFIX_HEADER = YES;
				GCC_PREFIX_HEADER = BYNAPP/PrefixHeader.pch;
				INFOPLIST_FILE = BYNAPP/Info.plist;
				LD_RUNPATH_SEARCH_PATHS = (
					"$(inherited)",
					"@executable_path/Frameworks",
				);
				MARKETING_VERSION = 1.0.0;
				PRODUCT_BUNDLE_IDENTIFIER = com.xidian.BYNAPP;
				PRODUCT_NAME = "$(TARGET_NAME)";
				TARGETED_DEVICE_FAMILY = 1;
			};
			name = Release;
		};
/* End XCBuildConfiguration section */

/* Begin XCConfigurationList section */
		1836ACB12431BE3F00EA8F30 /* Build configuration list for PBXProject "BYNAPP" */ = {
			isa = XCConfigurationList;
			buildConfigurations = (
				1836ACCD2431BE4200EA8F30 /* Debug */,
				1836ACCE2431BE4200EA8F30 /* Release */,
			);
			defaultConfigurationIsVisible = 0;
			defaultConfigurationName = Release;
		};
		1836ACCF2431BE4200EA8F30 /* Build configuration list for PBXNativeTarget "BYNAPP" */ = {
			isa = XCConfigurationList;
			buildConfigurations = (
				1836ACD02431BE4200EA8F30 /* Debug */,
				1836ACD12431BE4200EA8F30 /* Release */,
			);
			defaultConfigurationIsVisible = 0;
			defaultConfigurationName = Release;
		};
/* End XCConfigurationList section */
	};
	rootObject = 1836ACAE2431BE3F00EA8F30 /* Project object */;
}
